
Microsoft Visual Studio Solution File, Format Version 12.00
# Visual Studio 2012
Project("{FAE04EC0-301F-11D3-BF4B-00C04F79EFBC}") = "UKjiemeitao.Domain", "UKjiemeitao.Domain\UKjiemeitao.Domain.csproj", "{EC63AD8B-46F2-4A56-911F-3894A45EAEC2}"
	ProjectSection(ProjectDependencies) = postProject
		{1CA08502-48F4-47F3-B5F9-F79012E40272} = {1CA08502-48F4-47F3-B5F9-F79012E40272}
	EndProjectSection
EndProject
Project("{FAE04EC0-301F-11D3-BF4B-00C04F79EFBC}") = "UKjiemeitao.Infrastructure", "UKjiemeitao.Infrastructure\UKjiemeitao.Infrastructure.csproj", "{1CA08502-48F4-47F3-B5F9-F79012E40272}"
EndProject
Project("{FAE04EC0-301F-11D3-BF4B-00C04F79EFBC}") = "UKjiemeitao.Domain.Repositories", "UKjiemeitao.Domain.Repositories\UKjiemeitao.Domain.Repositories.csproj", "{DB7E0E14-24AE-4D91-953B-41FABD2A363A}"
	ProjectSection(ProjectDependencies) = postProject
		{1CA08502-48F4-47F3-B5F9-F79012E40272} = {1CA08502-48F4-47F3-B5F9-F79012E40272}
		{EC63AD8B-46F2-4A56-911F-3894A45EAEC2} = {EC63AD8B-46F2-4A56-911F-3894A45EAEC2}
	EndProjectSection
EndProject
Project("{FAE04EC0-301F-11D3-BF4B-00C04F79EFBC}") = "UKjiemeitao.Application", "UKjiemeitao.Application\UKjiemeitao.Application.csproj", "{5B3CDA59-A2CD-4618-9E4A-07AA4B07BB9B}"
	ProjectSection(ProjectDependencies) = postProject
		{1CA08502-48F4-47F3-B5F9-F79012E40272} = {1CA08502-48F4-47F3-B5F9-F79012E40272}
		{DB7E0E14-24AE-4D91-953B-41FABD2A363A} = {DB7E0E14-24AE-4D91-953B-41FABD2A363A}
		{8A5F668D-41F4-4EF9-9EBE-87FDE83BA83D} = {8A5F668D-41F4-4EF9-9EBE-87FDE83BA83D}
	EndProjectSection
EndProject
Project("{FAE04EC0-301F-11D3-BF4B-00C04F79EFBC}") = "UKjiemeitao.Services", "UKjiemeitao.Services\UKjiemeitao.Services.csproj", "{416EA6DD-0B38-4142-8630-7AFF9D41363E}"
	ProjectSection(ProjectDependencies) = postProject
		{1CA08502-48F4-47F3-B5F9-F79012E40272} = {1CA08502-48F4-47F3-B5F9-F79012E40272}
		{DB7E0E14-24AE-4D91-953B-41FABD2A363A} = {DB7E0E14-24AE-4D91-953B-41FABD2A363A}
		{5B3CDA59-A2CD-4618-9E4A-07AA4B07BB9B} = {5B3CDA59-A2CD-4618-9E4A-07AA4B07BB9B}
		{EC63AD8B-46F2-4A56-911F-3894A45EAEC2} = {EC63AD8B-46F2-4A56-911F-3894A45EAEC2}
		{8A5F668D-41F4-4EF9-9EBE-87FDE83BA83D} = {8A5F668D-41F4-4EF9-9EBE-87FDE83BA83D}
	EndProjectSection
EndProject
Project("{FAE04EC0-301F-11D3-BF4B-00C04F79EFBC}") = "UKjiemeitao.WPFUI", "UKjiemeitao.WPFUI\UKjiemeitao.WPFUI.csproj", "{91786DF0-D06F-4F63-99F3-EB5B5907F0FF}"
	ProjectSection(ProjectDependencies) = postProject
		{1CA08502-48F4-47F3-B5F9-F79012E40272} = {1CA08502-48F4-47F3-B5F9-F79012E40272}
		{DB7E0E14-24AE-4D91-953B-41FABD2A363A} = {DB7E0E14-24AE-4D91-953B-41FABD2A363A}
		{5B3CDA59-A2CD-4618-9E4A-07AA4B07BB9B} = {5B3CDA59-A2CD-4618-9E4A-07AA4B07BB9B}
		{EC63AD8B-46F2-4A56-911F-3894A45EAEC2} = {EC63AD8B-46F2-4A56-911F-3894A45EAEC2}
		{8A5F668D-41F4-4EF9-9EBE-87FDE83BA83D} = {8A5F668D-41F4-4EF9-9EBE-87FDE83BA83D}
		{416EA6DD-0B38-4142-8630-7AFF9D41363E} = {416EA6DD-0B38-4142-8630-7AFF9D41363E}
	EndProjectSection
EndProject
Project("{FAE04EC0-301F-11D3-BF4B-00C04F79EFBC}") = "UnitTest", "UnitTest\UnitTest.csproj", "{728B97E4-8C3D-419B-8AB4-5684676A3016}"
EndProject
Project("{2150E333-8FDC-42A3-9474-1A3956D46DE8}") = "DatabaseScripts", "DatabaseScripts", "{5F4DFCD3-C2A9-4E1A-AA07-9620654AD40A}"
	ProjectSection(SolutionItems) = preProject
		DatabaseScripts\CatalogDatabase.sql = DatabaseScripts\CatalogDatabase.sql
		DatabaseScripts\TB_ItemCat.sql = DatabaseScripts\TB_ItemCat.sql
		DatabaseScripts\TB_ItemProp.sql = DatabaseScripts\TB_ItemProp.sql
		DatabaseScripts\TB_Product.sql = DatabaseScripts\TB_Product.sql
		DatabaseScripts\TB_PropValue.sql = DatabaseScripts\TB_PropValue.sql
	EndProjectSection
EndProject
Project("{FAE04EC0-301F-11D3-BF4B-00C04F79EFBC}") = "UKjiemeitao.DataObjects", "UKjiemeitao.DataObjects\UKjiemeitao.DataObjects.csproj", "{8A5F668D-41F4-4EF9-9EBE-87FDE83BA83D}"
EndProject
Project("{FAE04EC0-301F-11D3-BF4B-00C04F79EFBC}") = "ProductUploaderWebsite", "ProductUploader\ProductUploaderWebsite.csproj", "{32970CF1-CB5B-4B0B-83CB-6D5D88EC65FF}"
EndProject
Project("{E24C65DC-7377-472B-9ABA-BC803B73C61A}") = "UKjiemeitao.Web", "http://localhost:50352", "{9C06741E-AD15-4116-801F-C16993FF48DF}"
	ProjectSection(WebsiteProperties) = preProject
		UseIISExpress = "true"
		TargetFrameworkMoniker = ".NETFramework,Version%3Dv4.5"
		Debug.AspNetCompiler.VirtualPath = "/localhost_50352"
		Debug.AspNetCompiler.PhysicalPath = "UKjiemeitao.Web\"
		Debug.AspNetCompiler.TargetPath = "PrecompiledWeb\localhost_50352\"
		Debug.AspNetCompiler.Updateable = "true"
		Debug.AspNetCompiler.ForceOverwrite = "true"
		Debug.AspNetCompiler.FixedNames = "false"
		Debug.AspNetCompiler.Debug = "True"
		Release.AspNetCompiler.VirtualPath = "/localhost_50352"
		Release.AspNetCompiler.PhysicalPath = "UKjiemeitao.Web\"
		Release.AspNetCompiler.TargetPath = "PrecompiledWeb\localhost_50352\"
		Release.AspNetCompiler.Updateable = "true"
		Release.AspNetCompiler.ForceOverwrite = "true"
		Release.AspNetCompiler.FixedNames = "false"
		Release.AspNetCompiler.Debug = "False"
		SlnRelativePath = "UKjiemeitao.Web\"
		DefaultWebSiteLanguage = "Visual C#"
	EndProjectSection
	ProjectSection(ProjectDependencies) = postProject
		{416EA6DD-0B38-4142-8630-7AFF9D41363E} = {416EA6DD-0B38-4142-8630-7AFF9D41363E}
	EndProjectSection
EndProject
Global
	GlobalSection(SolutionConfigurationPlatforms) = preSolution
		Debug|Any CPU = Debug|Any CPU
		Release|Any CPU = Release|Any CPU
	EndGlobalSection
	GlobalSection(ProjectConfigurationPlatforms) = postSolution
		{EC63AD8B-46F2-4A56-911F-3894A45EAEC2}.Debug|Any CPU.ActiveCfg = Debug|Any CPU
		{EC63AD8B-46F2-4A56-911F-3894A45EAEC2}.Debug|Any CPU.Build.0 = Debug|Any CPU
		{EC63AD8B-46F2-4A56-911F-3894A45EAEC2}.Release|Any CPU.ActiveCfg = Release|Any CPU
		{EC63AD8B-46F2-4A56-911F-3894A45EAEC2}.Release|Any CPU.Build.0 = Release|Any CPU
		{1CA08502-48F4-47F3-B5F9-F79012E40272}.Debug|Any CPU.ActiveCfg = Debug|Any CPU
		{1CA08502-48F4-47F3-B5F9-F79012E40272}.Debug|Any CPU.Build.0 = Debug|Any CPU
		{1CA08502-48F4-47F3-B5F9-F79012E40272}.Release|Any CPU.ActiveCfg = Release|Any CPU
		{1CA08502-48F4-47F3-B5F9-F79012E40272}.Release|Any CPU.Build.0 = Release|Any CPU
		{DB7E0E14-24AE-4D91-953B-41FABD2A363A}.Debug|Any CPU.ActiveCfg = Debug|Any CPU
		{DB7E0E14-24AE-4D91-953B-41FABD2A363A}.Debug|Any CPU.Build.0 = Debug|Any CPU
		{DB7E0E14-24AE-4D91-953B-41FABD2A363A}.Release|Any CPU.ActiveCfg = Release|Any CPU
		{DB7E0E14-24AE-4D91-953B-41FABD2A363A}.Release|Any CPU.Build.0 = Release|Any CPU
		{5B3CDA59-A2CD-4618-9E4A-07AA4B07BB9B}.Debug|Any CPU.ActiveCfg = Debug|Any CPU
		{5B3CDA59-A2CD-4618-9E4A-07AA4B07BB9B}.Debug|Any CPU.Build.0 = Debug|Any CPU
		{5B3CDA59-A2CD-4618-9E4A-07AA4B07BB9B}.Release|Any CPU.ActiveCfg = Release|Any CPU
		{5B3CDA59-A2CD-4618-9E4A-07AA4B07BB9B}.Release|Any CPU.Build.0 = Release|Any CPU
		{416EA6DD-0B38-4142-8630-7AFF9D41363E}.Debug|Any CPU.ActiveCfg = Debug|Any CPU
		{416EA6DD-0B38-4142-8630-7AFF9D41363E}.Debug|Any CPU.Build.0 = Debug|Any CPU
		{416EA6DD-0B38-4142-8630-7AFF9D41363E}.Release|Any CPU.ActiveCfg = Release|Any CPU
		{416EA6DD-0B38-4142-8630-7AFF9D41363E}.Release|Any CPU.Build.0 = Release|Any CPU
		{91786DF0-D06F-4F63-99F3-EB5B5907F0FF}.Debug|Any CPU.ActiveCfg = Debug|Any CPU
		{91786DF0-D06F-4F63-99F3-EB5B5907F0FF}.Debug|Any CPU.Build.0 = Debug|Any CPU
		{91786DF0-D06F-4F63-99F3-EB5B5907F0FF}.Release|Any CPU.ActiveCfg = Release|Any CPU
		{91786DF0-D06F-4F63-99F3-EB5B5907F0FF}.Release|Any CPU.Build.0 = Release|Any CPU
		{728B97E4-8C3D-419B-8AB4-5684676A3016}.Debug|Any CPU.ActiveCfg = Debug|Any CPU
		{728B97E4-8C3D-419B-8AB4-5684676A3016}.Debug|Any CPU.Build.0 = Debug|Any CPU
		{728B97E4-8C3D-419B-8AB4-5684676A3016}.Release|Any CPU.ActiveCfg = Release|Any CPU
		{728B97E4-8C3D-419B-8AB4-5684676A3016}.Release|Any CPU.Build.0 = Release|Any CPU
		{8A5F668D-41F4-4EF9-9EBE-87FDE83BA83D}.Debug|Any CPU.ActiveCfg = Debug|Any CPU
		{8A5F668D-41F4-4EF9-9EBE-87FDE83BA83D}.Debug|Any CPU.Build.0 = Debug|Any CPU
		{8A5F668D-41F4-4EF9-9EBE-87FDE83BA83D}.Release|Any CPU.ActiveCfg = Release|Any CPU
		{8A5F668D-41F4-4EF9-9EBE-87FDE83BA83D}.Release|Any CPU.Build.0 = Release|Any CPU
		{32970CF1-CB5B-4B0B-83CB-6D5D88EC65FF}.Debug|Any CPU.ActiveCfg = Debug|Any CPU
		{32970CF1-CB5B-4B0B-83CB-6D5D88EC65FF}.Debug|Any CPU.Build.0 = Debug|Any CPU
		{32970CF1-CB5B-4B0B-83CB-6D5D88EC65FF}.Release|Any CPU.ActiveCfg = Release|Any CPU
		{32970CF1-CB5B-4B0B-83CB-6D5D88EC65FF}.Release|Any CPU.Build.0 = Release|Any CPU
		{9C06741E-AD15-4116-801F-C16993FF48DF}.Debug|Any CPU.ActiveCfg = Debug|Any CPU
		{9C06741E-AD15-4116-801F-C16993FF48DF}.Debug|Any CPU.Build.0 = Debug|Any CPU
		{9C06741E-AD15-4116-801F-C16993FF48DF}.Release|Any CPU.ActiveCfg = Debug|Any CPU
		{9C06741E-AD15-4116-801F-C16993FF48DF}.Release|Any CPU.Build.0 = Debug|Any CPU
	EndGlobalSection
	GlobalSection(SolutionProperties) = preSolution
		HideSolutionNode = FALSE
	EndGlobalSection
EndGlobal
